
Microsoft Visual Studio Solution File, Format Version 12.00
# Visual Studio Version 16
VisualStudioVersion = 16.0.29020.237
MinimumVisualStudioVersion = 10.0.40219.1
Project("{9A19103F-16F7-4668-BE54-9A1E7A4F7556}") = "Web.SPA", "Web\Web.SPA\Web.SPA.csproj", "{6F2CB016-1DE9-4B09-A7B7-316C3EC81E65}"
EndProject
Project("{9A19103F-16F7-4668-BE54-9A1E7A4F7556}") = "Branch.API", "Services\Branch\Branch.API\Branch.API.csproj", "{85F5556F-E366-4C53-B36B-D6B96325CF15}"
EndProject
Project("{9A19103F-16F7-4668-BE54-9A1E7A4F7556}") = "Queue.API", "Services\Queue\Queue.API\Queue.API.csproj", "{B2C45BED-2E49-45F4-82BC-4ADA889C21F1}"
EndProject
Project("{9A19103F-16F7-4668-BE54-9A1E7A4F7556}") = "Location.API", "Services\Location\Location.API\Location.API.csproj", "{F0ECA67C-D088-422A-9FA8-D497C8E3FA0D}"
EndProject
Project("{9A19103F-16F7-4668-BE54-9A1E7A4F7556}") = "Rating.API", "Services\Rating\Rating.API\Rating.API.csproj", "{14EB527C-5F1C-468D-8D5D-EA291EF34A99}"
EndProject
Project("{9A19103F-16F7-4668-BE54-9A1E7A4F7556}") = "User.API", "Services\User\User.API\User.API.csproj", "{2EBE60FE-77C5-41B1-8857-00351F6941D7}"
EndProject
Global
	GlobalSection(SolutionConfigurationPlatforms) = preSolution
		Debug|Any CPU = Debug|Any CPU
		DEV|Any CPU = DEV|Any CPU
		PROD|Any CPU = PROD|Any CPU
		Release|Any CPU = Release|Any CPU
	EndGlobalSection
	GlobalSection(ProjectConfigurationPlatforms) = postSolution
		{6F2CB016-1DE9-4B09-A7B7-316C3EC81E65}.Debug|Any CPU.ActiveCfg = Debug|Any CPU
		{6F2CB016-1DE9-4B09-A7B7-316C3EC81E65}.Debug|Any CPU.Build.0 = Debug|Any CPU
		{6F2CB016-1DE9-4B09-A7B7-316C3EC81E65}.DEV|Any CPU.ActiveCfg = DEV|Any CPU
		{6F2CB016-1DE9-4B09-A7B7-316C3EC81E65}.DEV|Any CPU.Build.0 = DEV|Any CPU
		{6F2CB016-1DE9-4B09-A7B7-316C3EC81E65}.PROD|Any CPU.ActiveCfg = PROD|Any CPU
		{6F2CB016-1DE9-4B09-A7B7-316C3EC81E65}.PROD|Any CPU.Build.0 = PROD|Any CPU
		{6F2CB016-1DE9-4B09-A7B7-316C3EC81E65}.Release|Any CPU.ActiveCfg = Release|Any CPU
		{6F2CB016-1DE9-4B09-A7B7-316C3EC81E65}.Release|Any CPU.Build.0 = Release|Any CPU
		{85F5556F-E366-4C53-B36B-D6B96325CF15}.Debug|Any CPU.ActiveCfg = Debug|Any CPU
		{85F5556F-E366-4C53-B36B-D6B96325CF15}.Debug|Any CPU.Build.0 = Debug|Any CPU
		{85F5556F-E366-4C53-B36B-D6B96325CF15}.DEV|Any CPU.ActiveCfg = Debug|Any CPU
		{85F5556F-E366-4C53-B36B-D6B96325CF15}.DEV|Any CPU.Build.0 = Debug|Any CPU
		{85F5556F-E366-4C53-B36B-D6B96325CF15}.PROD|Any CPU.ActiveCfg = Debug|Any CPU
		{85F5556F-E366-4C53-B36B-D6B96325CF15}.PROD|Any CPU.Build.0 = Debug|Any CPU
		{85F5556F-E366-4C53-B36B-D6B96325CF15}.Release|Any CPU.ActiveCfg = Release|Any CPU
		{85F5556F-E366-4C53-B36B-D6B96325CF15}.Release|Any CPU.Build.0 = Release|Any CPU
		{B2C45BED-2E49-45F4-82BC-4ADA889C21F1}.Debug|Any CPU.ActiveCfg = Debug|Any CPU
		{B2C45BED-2E49-45F4-82BC-4ADA889C21F1}.Debug|Any CPU.Build.0 = Debug|Any CPU
		{B2C45BED-2E49-45F4-82BC-4ADA889C21F1}.DEV|Any CPU.ActiveCfg = Debug|Any CPU
		{B2C45BED-2E49-45F4-82BC-4ADA889C21F1}.DEV|Any CPU.Build.0 = Debug|Any CPU
		{B2C45BED-2E49-45F4-82BC-4ADA889C21F1}.PROD|Any CPU.ActiveCfg = Debug|Any CPU
		{B2C45BED-2E49-45F4-82BC-4ADA889C21F1}.PROD|Any CPU.Build.0 = Debug|Any CPU
		{B2C45BED-2E49-45F4-82BC-4ADA889C21F1}.Release|Any CPU.ActiveCfg = Release|Any CPU
		{B2C45BED-2E49-45F4-82BC-4ADA889C21F1}.Release|Any CPU.Build.0 = Release|Any CPU
		{F0ECA67C-D088-422A-9FA8-D497C8E3FA0D}.Debug|Any CPU.ActiveCfg = Debug|Any CPU
		{F0ECA67C-D088-422A-9FA8-D497C8E3FA0D}.Debug|Any CPU.Build.0 = Debug|Any CPU
		{F0ECA67C-D088-422A-9FA8-D497C8E3FA0D}.DEV|Any CPU.ActiveCfg = Debug|Any CPU
		{F0ECA67C-D088-422A-9FA8-D497C8E3FA0D}.DEV|Any CPU.Build.0 = Debug|Any CPU
		{F0ECA67C-D088-422A-9FA8-D497C8E3FA0D}.PROD|Any CPU.ActiveCfg = Debug|Any CPU
		{F0ECA67C-D088-422A-9FA8-D497C8E3FA0D}.PROD|Any CPU.Build.0 = Debug|Any CPU
		{F0ECA67C-D088-422A-9FA8-D497C8E3FA0D}.Release|Any CPU.ActiveCfg = Release|Any CPU
		{F0ECA67C-D088-422A-9FA8-D497C8E3FA0D}.Release|Any CPU.Build.0 = Release|Any CPU
		{14EB527C-5F1C-468D-8D5D-EA291EF34A99}.Debug|Any CPU.ActiveCfg = Debug|Any CPU
		{14EB527C-5F1C-468D-8D5D-EA291EF34A99}.Debug|Any CPU.Build.0 = Debug|Any CPU
		{14EB527C-5F1C-468D-8D5D-EA291EF34A99}.DEV|Any CPU.ActiveCfg = Debug|Any CPU
		{14EB527C-5F1C-468D-8D5D-EA291EF34A99}.DEV|Any CPU.Build.0 = Debug|Any CPU
		{14EB527C-5F1C-468D-8D5D-EA291EF34A99}.PROD|Any CPU.ActiveCfg = Debug|Any CPU
		{14EB527C-5F1C-468D-8D5D-EA291EF34A99}.PROD|Any CPU.Build.0 = Debug|Any CPU
		{14EB527C-5F1C-468D-8D5D-EA291EF34A99}.Release|Any CPU.ActiveCfg = Release|Any CPU
		{14EB527C-5F1C-468D-8D5D-EA291EF34A99}.Release|Any CPU.Build.0 = Release|Any CPU
		{2EBE60FE-77C5-41B1-8857-00351F6941D7}.Debug|Any CPU.ActiveCfg = Debug|Any CPU
		{2EBE60FE-77C5-41B1-8857-00351F6941D7}.Debug|Any CPU.Build.0 = Debug|Any CPU
		{2EBE60FE-77C5-41B1-8857-00351F6941D7}.DEV|Any CPU.ActiveCfg = Debug|Any CPU
		{2EBE60FE-77C5-41B1-8857-00351F6941D7}.DEV|Any CPU.Build.0 = Debug|Any CPU
		{2EBE60FE-77C5-41B1-8857-00351F6941D7}.PROD|Any CPU.ActiveCfg = Debug|Any CPU
		{2EBE60FE-77C5-41B1-8857-00351F6941D7}.PROD|Any CPU.Build.0 = Debug|Any CPU
		{2EBE60FE-77C5-41B1-8857-00351F6941D7}.Release|Any CPU.ActiveCfg = Release|Any CPU
		{2EBE60FE-77C5-41B1-8857-00351F6941D7}.Release|Any CPU.Build.0 = Release|Any CPU
	EndGlobalSection
	GlobalSection(SolutionProperties) = preSolution
		HideSolutionNode = FALSE
	EndGlobalSection
	GlobalSection(ExtensibilityGlobals) = postSolution
		SolutionGuid = {29C74D3A-AB65-4AE9-9C2C-3314ED3EFB5C}
	EndGlobalSection
EndGlobal
